
Microsoft Visual Studio Solution File, Format Version 12.00
# Visual Studio Version 17
VisualStudioVersion = 17.7.34024.191
MinimumVisualStudioVersion = 10.0.40219.1
Project("{9A19103F-16F7-4668-BE54-9A1E7A4F7556}") = "Praktika 2", "Praktika 2\Praktika 2.csproj", "{71E62C75-EC5F-472C-BE2A-F587810FF2AA}"
EndProject
Project("{9A19103F-16F7-4668-BE54-9A1E7A4F7556}") = "Praktika 2.2", "Praktika 2.2\Praktika 2.2.csproj", "{51F6DFE7-5429-4A21-89EA-FE8F88EBE522}"
EndProject
Project("{9A19103F-16F7-4668-BE54-9A1E7A4F7556}") = "Praktika 2.3", "Praktika 2.3\Praktika 2.3.csproj", "{B5E152C0-9B8B-4315-B3C2-4E9CCEDD5D30}"
EndProject
Project("{FAE04EC0-301F-11D3-BF4B-00C04F79EFBC}") = "Praktika 2.4", "Praktika 2.4\Praktika 2.4.csproj", "{1FDF02E0-240D-405C-AFCA-573738DD3A2F}"
EndProject
Project("{FAE04EC0-301F-11D3-BF4B-00C04F79EFBC}") = "Praktika 2.5", "Praktika 2.5\Praktika 2.5.csproj", "{DB7EBFA0-C3DC-473D-BB5B-F8D108AC84B6}"
EndProject
Project("{FAE04EC0-301F-11D3-BF4B-00C04F79EFBC}") = "Praktika 2.6", "Praktika 2.6\Praktika 2.6.csproj", "{C761719E-2270-4E15-91D1-660D9EE58B05}"
EndProject
Project("{FAE04EC0-301F-11D3-BF4B-00C04F79EFBC}") = "Praktika 2.7", "Praktika 2.7\Praktika 2.7.csproj", "{D2327585-1AB8-4354-A6BE-868CC559A646}"
EndProject
Project("{FAE04EC0-301F-11D3-BF4B-00C04F79EFBC}") = "Praktika 2.8", "Praktika 2.8\Praktika 2.8.csproj", "{126C1BCB-835F-4927-B643-83CEC9767578}"
EndProject
Global
	GlobalSection(SolutionConfigurationPlatforms) = preSolution
		Debug|Any CPU = Debug|Any CPU
		Release|Any CPU = Release|Any CPU
	EndGlobalSection
	GlobalSection(ProjectConfigurationPlatforms) = postSolution
		{71E62C75-EC5F-472C-BE2A-F587810FF2AA}.Debug|Any CPU.ActiveCfg = Debug|Any CPU
		{71E62C75-EC5F-472C-BE2A-F587810FF2AA}.Debug|Any CPU.Build.0 = Debug|Any CPU
		{71E62C75-EC5F-472C-BE2A-F587810FF2AA}.Release|Any CPU.ActiveCfg = Release|Any CPU
		{71E62C75-EC5F-472C-BE2A-F587810FF2AA}.Release|Any CPU.Build.0 = Release|Any CPU
		{51F6DFE7-5429-4A21-89EA-FE8F88EBE522}.Debug|Any CPU.ActiveCfg = Debug|Any CPU
		{51F6DFE7-5429-4A21-89EA-FE8F88EBE522}.Debug|Any CPU.Build.0 = Debug|Any CPU
		{51F6DFE7-5429-4A21-89EA-FE8F88EBE522}.Release|Any CPU.ActiveCfg = Release|Any CPU
		{51F6DFE7-5429-4A21-89EA-FE8F88EBE522}.Release|Any CPU.Build.0 = Release|Any CPU
		{B5E152C0-9B8B-4315-B3C2-4E9CCEDD5D30}.Debug|Any CPU.ActiveCfg = Debug|Any CPU
		{B5E152C0-9B8B-4315-B3C2-4E9CCEDD5D30}.Debug|Any CPU.Build.0 = Debug|Any CPU
		{B5E152C0-9B8B-4315-B3C2-4E9CCEDD5D30}.Release|Any CPU.ActiveCfg = Release|Any CPU
		{B5E152C0-9B8B-4315-B3C2-4E9CCEDD5D30}.Release|Any CPU.Build.0 = Release|Any CPU
		{1FDF02E0-240D-405C-AFCA-573738DD3A2F}.Debug|Any CPU.ActiveCfg = Debug|Any CPU
		{1FDF02E0-240D-405C-AFCA-573738DD3A2F}.Debug|Any CPU.Build.0 = Debug|Any CPU
		{1FDF02E0-240D-405C-AFCA-573738DD3A2F}.Release|Any CPU.ActiveCfg = Release|Any CPU
		{1FDF02E0-240D-405C-AFCA-573738DD3A2F}.Release|Any CPU.Build.0 = Release|Any CPU
		{DB7EBFA0-C3DC-473D-BB5B-F8D108AC84B6}.Debug|Any CPU.ActiveCfg = Debug|Any CPU
		{DB7EBFA0-C3DC-473D-BB5B-F8D108AC84B6}.Debug|Any CPU.Build.0 = Debug|Any CPU
		{DB7EBFA0-C3DC-473D-BB5B-F8D108AC84B6}.Release|Any CPU.ActiveCfg = Release|Any CPU
		{DB7EBFA0-C3DC-473D-BB5B-F8D108AC84B6}.Release|Any CPU.Build.0 = Release|Any CPU
		{C761719E-2270-4E15-91D1-660D9EE58B05}.Debug|Any CPU.ActiveCfg = Debug|Any CPU
		{C761719E-2270-4E15-91D1-660D9EE58B05}.Debug|Any CPU.Build.0 = Debug|Any CPU
		{C761719E-2270-4E15-91D1-660D9EE58B05}.Release|Any CPU.ActiveCfg = Release|Any CPU
		{C761719E-2270-4E15-91D1-660D9EE58B05}.Release|Any CPU.Build.0 = Release|Any CPU
		{D2327585-1AB8-4354-A6BE-868CC559A646}.Debug|Any CPU.ActiveCfg = Debug|Any CPU
		{D2327585-1AB8-4354-A6BE-868CC559A646}.Debug|Any CPU.Build.0 = Debug|Any CPU
		{D2327585-1AB8-4354-A6BE-868CC559A646}.Release|Any CPU.ActiveCfg = Release|Any CPU
		{D2327585-1AB8-4354-A6BE-868CC559A646}.Release|Any CPU.Build.0 = Release|Any CPU
		{126C1BCB-835F-4927-B643-83CEC9767578}.Debug|Any CPU.ActiveCfg = Debug|Any CPU
		{126C1BCB-835F-4927-B643-83CEC9767578}.Debug|Any CPU.Build.0 = Debug|Any CPU
		{126C1BCB-835F-4927-B643-83CEC9767578}.Release|Any CPU.ActiveCfg = Release|Any CPU
		{126C1BCB-835F-4927-B643-83CEC9767578}.Release|Any CPU.Build.0 = Release|Any CPU
	EndGlobalSection
	GlobalSection(SolutionProperties) = preSolution
		HideSolutionNode = FALSE
	EndGlobalSection
	GlobalSection(ExtensibilityGlobals) = postSolution
		SolutionGuid = {C5A1F604-D8C3-46C1-8035-F88513D1A8B0}
	EndGlobalSection
EndGlobal
